
Microsoft Visual Studio Solution File, Format Version 12.00
# Visual Studio Version 16
VisualStudioVersion = 16.0.31025.194
MinimumVisualStudioVersion = 10.0.40219.1
Project("{FAE04EC0-301F-11D3-BF4B-00C04F79EFBC}") = "WindowsFormsApp", "WindowsFormsApp\WindowsFormsApp.csproj", "{3E936884-F614-4F9B-A8E1-663FA90B4545}"
EndProject
Project("{FAE04EC0-301F-11D3-BF4B-00C04F79EFBC}") = "DataAccessLayer", "DataAccessLayer\DataAccessLayer.csproj", "{3F5391E6-C117-4821-AA1E-F9BE0EA34142}"
EndProject
Project("{FAE04EC0-301F-11D3-BF4B-00C04F79EFBC}") = "WindowsPresentationFoundation", "WindowsPresentationFoundation\WindowsPresentationFoundation.csproj", "{F714BB12-5FD0-470F-85D9-B2B7FB6ED306}"
EndProject
Global
	GlobalSection(SolutionConfigurationPlatforms) = preSolution
		Debug|Any CPU = Debug|Any CPU
		Release|Any CPU = Release|Any CPU
	EndGlobalSection
	GlobalSection(ProjectConfigurationPlatforms) = postSolution
		{3E936884-F614-4F9B-A8E1-663FA90B4545}.Debug|Any CPU.ActiveCfg = Debug|Any CPU
		{3E936884-F614-4F9B-A8E1-663FA90B4545}.Debug|Any CPU.Build.0 = Debug|Any CPU
		{3E936884-F614-4F9B-A8E1-663FA90B4545}.Release|Any CPU.ActiveCfg = Release|Any CPU
		{3E936884-F614-4F9B-A8E1-663FA90B4545}.Release|Any CPU.Build.0 = Release|Any CPU
		{3F5391E6-C117-4821-AA1E-F9BE0EA34142}.Debug|Any CPU.ActiveCfg = Debug|Any CPU
		{3F5391E6-C117-4821-AA1E-F9BE0EA34142}.Debug|Any CPU.Build.0 = Debug|Any CPU
		{3F5391E6-C117-4821-AA1E-F9BE0EA34142}.Release|Any CPU.ActiveCfg = Release|Any CPU
		{3F5391E6-C117-4821-AA1E-F9BE0EA34142}.Release|Any CPU.Build.0 = Release|Any CPU
		{F714BB12-5FD0-470F-85D9-B2B7FB6ED306}.Debug|Any CPU.ActiveCfg = Debug|Any CPU
		{F714BB12-5FD0-470F-85D9-B2B7FB6ED306}.Debug|Any CPU.Build.0 = Debug|Any CPU
		{F714BB12-5FD0-470F-85D9-B2B7FB6ED306}.Release|Any CPU.ActiveCfg = Release|Any CPU
		{F714BB12-5FD0-470F-85D9-B2B7FB6ED306}.Release|Any CPU.Build.0 = Release|Any CPU
	EndGlobalSection
	GlobalSection(SolutionProperties) = preSolution
		HideSolutionNode = FALSE
	EndGlobalSection
	GlobalSection(ExtensibilityGlobals) = postSolution
		SolutionGuid = {98C12A5B-F6F8-4794-830E-00D9E610530A}
	EndGlobalSection
EndGlobal
